
Microsoft Visual Studio Solution File, Format Version 12.00
# Visual Studio Version 17
VisualStudioVersion = 17.7.34009.444
MinimumVisualStudioVersion = 10.0.40219.1
Project("{FAE04EC0-301F-11D3-BF4B-00C04F79EFBC}") = "Visual_Odevi", "Visual_Odevi\Visual_Odevi.csproj", "{1189DC75-0F65-4E6A-B67C-123F89D4A9D6}"
EndProject
Global
	GlobalSection(SolutionConfigurationPlatforms) = preSolution
		Debug|Any CPU = Debug|Any CPU
		Release|Any CPU = Release|Any CPU
	EndGlobalSection
	GlobalSection(ProjectConfigurationPlatforms) = postSolution
		{1189DC75-0F65-4E6A-B67C-123F89D4A9D6}.Debug|Any CPU.ActiveCfg = Debug|Any CPU
		{1189DC75-0F65-4E6A-B67C-123F89D4A9D6}.Debug|Any CPU.Build.0 = Debug|Any CPU
		{1189DC75-0F65-4E6A-B67C-123F89D4A9D6}.Release|Any CPU.ActiveCfg = Release|Any CPU
		{1189DC75-0F65-4E6A-B67C-123F89D4A9D6}.Release|Any CPU.Build.0 = Release|Any CPU
	EndGlobalSection
	GlobalSection(SolutionProperties) = preSolution
		HideSolutionNode = FALSE
	EndGlobalSection
	GlobalSection(ExtensibilityGlobals) = postSolution
		SolutionGuid = {6F8D2A53-1498-4B63-A5AD-144F885B6AB2}
	EndGlobalSection
EndGlobal
